# This file is automatically @generated by Cargo.
# It is not intended for manual editing.
version = 4

[[package]]
name = "bytes"
version = "1.12.1"
source = "registry+https://github.com/rust-lang/crates.io-index"
checksum = "fc652a48c352aef3ea3aed32080501cf3ef6ed5da78602a020c991775b0aff04"

[[package]]
name = "futures-core"
version = "0.3.34"
source = "registry+https://github.com/rust-lang/crates.io-index"
checksum = "92d699e522242e69e3003b94ecc1f960f3a5e015aa7c5d7486e65ad01dd94f5e"

[[package]]
name = "futures-sink"
version = "0.3.34"
source = "registry+https://github.com/rust-lang/crates.io-index"
checksum = "1944426bf7d03f1d14f708785e4b33efd750b36d48a157b836b3efc15ede8e1d"

[[package]]
name = "pin-project-lite"
version = "0.2.17"
source = "registry+https://github.com/rust-lang/crates.io-index"
checksum = "a89322df9ebe1c1578d689c92318e070967d1042b512afbe49518723f4e6d5cd"

[[package]]
name = "proc-macro2"
version = "1.0.107"
source = "registry+https://github.com/rust-lang/crates.io-index"
checksum = "985e7ec9bb745e6ce6535b544d84d6cd6f7ad8bd711c398938ae983b91a766d9"
dependencies = [
 "unicode-ident",
]

[[package]]
name = "quote"
version = "1.0.47"
source = "registry+https://github.com/rust-lang/crates.io-index"
checksum = "1fbf4db142a473a8d80c26bbf18454ed458bf8d26c8219c331daecfdbd079001"
dependencies = [
 "proc-macro2",
]

[[package]]
name = "reference-tokio"
version = "0.1.0"
dependencies = [
 "tokio",
 "tokio-stream",
]

[[package]]
name = "syn"
version = "3.0.6"
source = "registry+https://github.com/rust-lang/crates.io-index"
checksum = "8593e8e72159ed2257d083c7a454a85cbf854f37a0966d8d483aff8c8a3ebcee"
dependencies = [
 "proc-macro2",
 "quote",
 "unicode-ident",
]

[[package]]
name = "tokio"
version = "1.53.0"
source = "registry+https://github.com/rust-lang/crates.io-index"
checksum = "d988bcd52dbe076d3d46903332f58c912b87a2c49b1428419a5845154762ffee"
dependencies = [
 "bytes",
 "pin-project-lite",
 "tokio-macros",
]

[[package]]
name = "tokio-macros"
version = "2.7.2"
source = "registry+https://github.com/rust-lang/crates.io-index"
checksum = "78773a2a397f451582ce068015985c33193cf6dea8b74d2a639fe457b2f07b0e"
dependencies = [
 "proc-macro2",
 "quote",
 "syn",
]

[[package]]
name = "tokio-stream"
version = "0.1.17"
source = "registry+https://github.com/rust-lang/crates.io-index"
checksum = "eca58d7bba4a75707817a2c44174253f9236b2d5fbd055602e9d5c07c139a047"
dependencies = [
 "futures-core",
 "pin-project-lite",
 "tokio",
 "tokio-util",
]

[[package]]
name = "tokio-util"
version = "0.7.19"
source = "registry+https://github.com/rust-lang/crates.io-index"
checksum = "494815d09bf52b5548659851081238f0ca39ff638363907596da739561c62c52"
dependencies = [
 "bytes",
 "futures-core",
 "futures-sink",
 "pin-project-lite",
 "tokio",
]

[[package]]
name = "unicode-ident"
version = "1.0.26"
source = "registry+https://github.com/rust-lang/crates.io-index"
checksum = "d245f478577f809a851594d02313b640fb437e0bb33866753cff937863096954"
